
Microsoft Visual Studio Solution File, Format Version 12.00
# Visual Studio Version 16
VisualStudioVersion = 16.0.31613.86
MinimumVisualStudioVersion = 10.0.40219.1
Project("{FAE04EC0-301F-11D3-BF4B-00C04F79EFBC}") = "IssueLogger.Domain", "IssueLogger.Domain\IssueLogger.Domain.csproj", "{D49FD6C4-D40B-499D-A757-A155587C7A3C}"
EndProject
Global
	GlobalSection(SolutionConfigurationPlatforms) = preSolution
		Debug|Any CPU = Debug|Any CPU
		Release|Any CPU = Release|Any CPU
	EndGlobalSection
	GlobalSection(ProjectConfigurationPlatforms) = postSolution
		{D49FD6C4-D40B-499D-A757-A155587C7A3C}.Debug|Any CPU.ActiveCfg = Debug|Any CPU
		{D49FD6C4-D40B-499D-A757-A155587C7A3C}.Debug|Any CPU.Build.0 = Debug|Any CPU
		{D49FD6C4-D40B-499D-A757-A155587C7A3C}.Release|Any CPU.ActiveCfg = Release|Any CPU
		{D49FD6C4-D40B-499D-A757-A155587C7A3C}.Release|Any CPU.Build.0 = Release|Any CPU
	EndGlobalSection
	GlobalSection(SolutionProperties) = preSolution
		HideSolutionNode = FALSE
	EndGlobalSection
	GlobalSection(ExtensibilityGlobals) = postSolution
		SolutionGuid = {6A06E763-CC0F-44F4-B921-569B401F3C24}
	EndGlobalSection
EndGlobal
